{
  "name": "nestjs-api-microservices",
  "version": "1.0.0",
  "lockfileVersion": 3,
  "requires": true,
  "packages": {
    "": {
      "name": "nestjs-api-microservices",
      "version": "1.0.0",
      "hasInstallScript": true,
      "license": "MIT",
      "dependencies": {
        "nestjs-api-microservices": "file:"
      }
    },
    "node_modules/nestjs-api-microservices": {
      "resolved": "",
      "link": true
    }
  }
}
